// !$*UTF8*$!
{
	archiveVersion = 1;
	classes = {
	};
	objectVersion = 46;
	objects = {

/* Begin PBXBuildFile section */
		55F840381AD664A300ED00CF /* AppDelegate.swift in Sources */ = {isa = PBXBuildFile; fileRef = 55F840371AD664A300ED00CF /* AppDelegate.swift */; };
		55F8403A1AD664A300ED00CF /* ViewController.swift in Sources */ = {isa = PBXBuildFile; fileRef = 55F840391AD664A300ED00CF /* ViewController.swift */; };
		55F8403D1AD664A300ED00CF /* Main.storyboard in Resources */ = {isa = PBXBuildFile; fileRef = 55F8403B1AD664A300ED00CF /* Main.storyboard */; };
		55F8403F1AD664A300ED00CF /* Images.xcassets in Resources */ = {isa = PBXBuildFile; fileRef = 55F8403E1AD664A300ED00CF /* Images.xcassets */; };
		55F840421AD664A300ED00CF /* LaunchScreen.xib in Resources */ = {isa = PBXBuildFile; fileRef = 55F840401AD664A300ED00CF /* LaunchScreen.xib */; };
		55F8404E1AD664A300ED00CF /* TipCalculatorTests.swift in Sources */ = {isa = PBXBuildFile; fileRef = 55F8404D1AD664A300ED00CF /* TipCalculatorTests.swift */; };
/* End PBXBuildFile section */

/* Begin PBXContainerItemProxy section */
		55F840481AD664A300ED00CF /* PBXContainerItemProxy */ = {
			isa = PBXContainerItemProxy;
			containerPortal = 55F8402A1AD664A300ED00CF /* Project object */;
			proxyType = 1;
			remoteGlobalIDString = 55F840311AD664A300ED00CF;
			remoteInfo = TipCalculator;
		};
/* End PBXContainerItemProxy section */

/* Begin PBXFileReference section */
		55F840321AD664A300ED00CF /* TipCalculator.app */ = {isa = PBXFileReference; explicitFileType = wrapper.application; includeInIndex = 0; path = TipCalculator.app; sourceTree = BUILT_PRODUCTS_DIR; };
		55F840361AD664A300ED00CF /* Info.plist */ = {isa = PBXFileReference; lastKnownFileType = text.plist.xml; path = Info.plist; sourceTree = "<group>"; };
		55F840371AD664A300ED00CF /* AppDelegate.swift */ = {isa = PBXFileReference; lastKnownFileType = sourcecode.swift; path = AppDelegate.swift; sourceTree = "<group>"; };
		55F840391AD664A300ED00CF /* ViewController.swift */ = {isa = PBXFileReference; lastKnownFileType = sourcecode.swift; path = ViewController.swift; sourceTree = "<group>"; };
		55F8403C1AD664A300ED00CF /* Base */ = {isa = PBXFileReference; lastKnownFileType = file.storyboard; name = Base; path = Base.lproj/Main.storyboard; sourceTree = "<group>"; };
		55F8403E1AD664A300ED00CF /* Images.xcassets */ = {isa = PBXFileReference; lastKnownFileType = folder.assetcatalog; path = Images.xcassets; sourceTree = "<group>"; };
		55F840411AD664A300ED00CF /* Base */ = {isa = PBXFileReference; lastKnownFileType = file.xib; name = Base; path = Base.lproj/LaunchScreen.xib; sourceTree = "<group>"; };
		55F840471AD664A300ED00CF /* TipCalculatorTests.xctest */ = {isa = PBXFileReference; explicitFileType = wrapper.cfbundle; includeInIndex = 0; path = TipCalculatorTests.xctest; sourceTree = BUILT_PRODUCTS_DIR; };
		55F8404C1AD664A300ED00CF /* Info.plist */ = {isa = PBXFileReference; lastKnownFileType = text.plist.xml; path = Info.plist; sourceTree = "<group>"; };
		55F8404D1AD664A300ED00CF /* TipCalculatorTests.swift */ = {isa = PBXFileReference; lastKnownFileType = sourcecode.swift; path = TipCalculatorTests.swift; sourceTree = "<group>"; };
/* End PBXFileReference section */

/* Begin PBXFrameworksBuildPhase section */
		55F8402F1AD664A300ED00CF /* Frameworks */ = {
			isa = PBXFrameworksBuildPhase;
			buildActionMask = 2147483647;
			files = (
			);
			runOnlyForDeploymentPostprocessing = 0;
		};
		55F840441AD664A300ED00CF /* Frameworks */ = {
			isa = PBXFrameworksBuildPhase;
			buildActionMask = 2147483647;
			files = (
			);
			runOnlyForDeploymentPostprocessing = 0;
		};
/* End PBXFrameworksBuildPhase section */

/* Begin PBXGroup section */
		55F840291AD664A300ED00CF = {
			isa = PBXGroup;
			children = (
				55F840341AD664A300ED00CF /* TipCalculator */,
				55F8404A1AD664A300ED00CF /* TipCalculatorTests */,
				55F840331AD664A300ED00CF /* Products */,
			);
			sourceTree = "<group>";
		};
		55F840331AD664A300ED00CF /* Products */ = {
			isa = PBXGroup;
			children = (
				55F840321AD664A300ED00CF /* TipCalculator.app */,
				55F840471AD664A300ED00CF /* TipCalculatorTests.xctest */,
			);
			name = Products;
			sourceTree = "<group>";
		};
		55F840341AD664A300ED00CF /* TipCalculator */ = {
			isa = PBXGroup;
			children = (
				55F840371AD664A300ED00CF /* AppDelegate.swift */,
				55F840391AD664A300ED00CF /* ViewController.swift */,
				55F8403B1AD664A300ED00CF /* Main.storyboard */,
				55F8403E1AD664A300ED00CF /* Images.xcassets */,
				55F840401AD664A300ED00CF /* LaunchScreen.xib */,
				55F840351AD664A300ED00CF /* Supporting Files */,
			);
			path = TipCalculator;
			sourceTree = "<group>";
		};
		55F840351AD664A300ED00CF /* Supporting Files */ = {
			isa = PBXGroup;
			children = (
				55F840361AD664A300ED00CF /* Info.plist */,
			);
			name = "Supporting Files";
			sourceTree = "<group>";
		};
		55F8404A1AD664A300ED00CF /* TipCalculatorTests */ = {
			isa = PBXGroup;
			children = (
				55F8404D1AD664A300ED00CF /* TipCalculatorTests.swift */,
				55F8404B1AD664A300ED00CF /* Supporting Files */,
			);
			path = TipCalculatorTests;
			sourceTree = "<group>";
		};
		55F8404B1AD664A300ED00CF /* Supporting Files */ = {
			isa = PBXGroup;
			children = (
				55F8404C1AD664A300ED00CF /* Info.plist */,
			);
			name = "Supporting Files";
			sourceTree = "<group>";
		};
/* End PBXGroup section */

/* Begin PBXNativeTarget section */
		55F840311AD664A300ED00CF /* TipCalculator */ = {
			isa = PBXNativeTarget;
			buildConfigurationList = 55F840511AD664A300ED00CF /* Build configuration list for PBXNativeTarget "TipCalculator" */;
			buildPhases = (
				55F8402E1AD664A300ED00CF /* Sources */,
				55F8402F1AD664A300ED00CF /* Frameworks */,
				55F840301AD664A300ED00CF /* Resources */,
			);
			buildRules = (
			);
			dependencies = (
			);
			name = TipCalculator;
			productName = TipCalculator;
			productReference = 55F840321AD664A300ED00CF /* TipCalculator.app */;
			productType = "com.apple.product-type.application";
		};
		55F840461AD664A300ED00CF /* TipCalculatorTests */ = {
			isa = PBXNativeTarget;
			buildConfigurationList = 55F840541AD664A300ED00CF /* Build configuration list for PBXNativeTarget "TipCalculatorTests" */;
			buildPhases = (
				55F840431AD664A300ED00CF /* Sources */,
				55F840441AD664A300ED00CF /* Frameworks */,
				55F840451AD664A300ED00CF /* Resources */,
			);
			buildRules = (
			);
			dependencies = (
				55F840491AD664A300ED00CF /* PBXTargetDependency */,
			);
			name = TipCalculatorTests;
			productName = TipCalculatorTests;
			productReference = 55F840471AD664A300ED00CF /* TipCalculatorTests.xctest */;
			productType = "com.apple.product-type.bundle.unit-test";
		};
/* End PBXNativeTarget section */

/* Begin PBXProject section */
		55F8402A1AD664A300ED00CF /* Project object */ = {
			isa = PBXProject;
			attributes = {
				LastUpgradeCheck = 0630;
				ORGANIZATIONNAME = rateva;
				TargetAttributes = {
					55F840311AD664A300ED00CF = {
						CreatedOnToolsVersion = 6.3;
					};
					55F840461AD664A300ED00CF = {
						CreatedOnToolsVersion = 6.3;
						TestTargetID = 55F840311AD664A300ED00CF;
					};
				};
			};
			buildConfigurationList = 55F8402D1AD664A300ED00CF /* Build configuration list for PBXProject "TipCalculator" */;
			compatibilityVersion = "Xcode 3.2";
			developmentRegion = English;
			hasScannedForEncodings = 0;
			knownRegions = (
				en,
				Base,
			);
			mainGroup = 55F840291AD664A300ED00CF;
			productRefGroup = 55F840331AD664A300ED00CF /* Products */;
			projectDirPath = "";
			projectRoot = "";
			targets = (
				55F840311AD664A300ED00CF /* TipCalculator */,
				55F840461AD664A300ED00CF /* TipCalculatorTests */,
			);
		};
/* End PBXProject section */

/* Begin PBXResourcesBuildPhase section */
		55F840301AD664A300ED00CF /* Resources */ = {
			isa = PBXResourcesBuildPhase;
			buildActionMask = 2147483647;
			files = (
				55F8403D1AD664A300ED00CF /* Main.storyboard in Resources */,
				55F840421AD664A300ED00CF /* LaunchScreen.xib in Resources */,
				55F8403F1AD664A300ED00CF /* Images.xcassets in Resources */,
			);
			runOnlyForDeploymentPostprocessing = 0;
		};
		55F840451AD664A300ED00CF /* Resources */ = {
			isa = PBXResourcesBuildPhase;
			buildActionMask = 2147483647;
			files = (
			);
			runOnlyForDeploymentPostprocessing = 0;
		};
/* End PBXResourcesBuildPhase section */

/* Begin PBXSourcesBuildPhase section */
		55F8402E1AD664A300ED00CF /* Sources */ = {
			isa = PBXSourcesBuildPhase;
			buildActionMask = 2147483647;
			files = (
				55F8403A1AD664A300ED00CF /* ViewController.swift in Sources */,
				55F840381AD664A300ED00CF /* AppDelegate.swift in Sources */,
			);
			runOnlyForDeploymentPostprocessing = 0;
		};
		55F840431AD664A300ED00CF /* Sources */ = {
			isa = PBXSourcesBuildPhase;
			buildActionMask = 2147483647;
			files = (
				55F8404E1AD664A300ED00CF /* TipCalculatorTests.swift in Sources */,
			);
			runOnlyForDeploymentPostprocessing = 0;
		};
/* End PBXSourcesBuildPhase section */

/* Begin PBXTargetDependency section */
		55F840491AD664A300ED00CF /* PBXTargetDependency */ = {
			isa = PBXTargetDependency;
			target = 55F840311AD664A300ED00CF /* TipCalculator */;
			targetProxy = 55F840481AD664A300ED00CF /* PBXContainerItemProxy */;
		};
/* End PBXTargetDependency section */

/* Begin PBXVariantGroup section */
		55F8403B1AD664A300ED00CF /* Main.storyboard */ = {
			isa = PBXVariantGroup;
			children = (
				55F8403C1AD664A300ED00CF /* Base */,
			);
			name = Main.storyboard;
			sourceTree = "<group>";
		};
		55F840401AD664A300ED00CF /* LaunchScreen.xib */ = {
			isa = PBXVariantGroup;
			children = (
				55F840411AD664A300ED00CF /* Base */,
			);
			name = LaunchScreen.xib;
			sourceTree = "<group>";
		};
/* End PBXVariantGroup section */

/* Begin XCBuildConfiguration section */
		55F8404F1AD664A300ED00CF /* Debug */ = {
			isa = XCBuildConfiguration;
			buildSettings = {
				ALWAYS_SEARCH_USER_PATHS = NO;
				CLANG_CXX_LANGUAGE_STANDARD = "gnu++0x";
				CLANG_CXX_LIBRARY = "libc++";
				CLANG_ENABLE_MODULES = YES;
				CLANG_ENABLE_OBJC_ARC = YES;
				CLANG_WARN_BOOL_CONVERSION = YES;
				CLANG_WARN_CONSTANT_CONVERSION = YES;
				CLANG_WARN_DIRECT_OBJC_ISA_USAGE = YES_ERROR;
				CLANG_WARN_EMPTY_BODY = YES;
				CLANG_WARN_ENUM_CONVERSION = YES;
				CLANG_WARN_INT_CONVERSION = YES;
				CLANG_WARN_OBJC_ROOT_CLASS = YES_ERROR;
				CLANG_WARN_UNREACHABLE_CODE = YES;
				CLANG_WARN__DUPLICATE_METHOD_MATCH = YES;
				"CODE_SIGN_IDENTITY[sdk=iphoneos*]" = "iPhone Developer";
				COPY_PHASE_STRIP = NO;
				DEBUG_INFORMATION_FORMAT = "dwarf-with-dsym";
				ENABLE_STRICT_OBJC_MSGSEND = YES;
				GCC_C_LANGUAGE_STANDARD = gnu99;
				GCC_DYNAMIC_NO_PIC = NO;
				GCC_NO_COMMON_BLOCKS = YES;
				GCC_OPTIMIZATION_LEVEL = 0;
				GCC_PREPROCESSOR_DEFINITIONS = (
					"DEBUG=1",
					"$(inherited)",
				);
				GCC_SYMBOLS_PRIVATE_EXTERN = NO;
				GCC_WARN_64_TO_32_BIT_CONVERSION = YES;
				GCC_WARN_ABOUT_RETURN_TYPE = YES_ERROR;
				GCC_WARN_UNDECLARED_SELECTOR = YES;
				GCC_WARN_UNINITIALIZED_AUTOS = YES_AGGRESSIVE;
				GCC_WARN_UNUSED_FUNCTION = YES;
				GCC_WARN_UNUSED_VARIABLE = YES;
				IPHONEOS_DEPLOYMENT_TARGET = 8.3;
				MTL_ENABLE_DEBUG_INFO = YES;
				ONLY_ACTIVE_ARCH = YES;
				SDKROOT = iphoneos;
				SWIFT_OPTIMIZATION_LEVEL = "-Onone";
				TARGETED_DEVICE_FAMILY = "1,2";
			};
			name = Debug;
		};
		55F840501AD664A300ED00CF /* Release */ = {
			isa = XCBuildConfiguration;
			buildSettings = {
				ALWAYS_SEARCH_USER_PATHS = NO;
				CLANG_CXX_LANGUAGE_STANDARD = "gnu++0x";
				CLANG_CXX_LIBRARY = "libc++";
				CLANG_ENABLE_MODULES = YES;
				CLANG_ENABLE_OBJC_ARC = YES;
				CLANG_WARN_BOOL_CONVERSION = YES;
				CLANG_WARN_CONSTANT_CONVERSION = YES;
				CLANG_WARN_DIRECT_OBJC_ISA_USAGE = YES_ERROR;
				CLANG_WARN_EMPTY_BODY = YES;
				CLANG_WARN_ENUM_CONVERSION = YES;
				CLANG_WARN_INT_CONVERSION = YES;
				CLANG_WARN_OBJC_ROOT_CLASS = YES_ERROR;
				CLANG_WARN_UNREACHABLE_CODE = YES;
				CLANG_WARN__DUPLICATE_METHOD_MATCH = YES;
				"CODE_SIGN_IDENTITY[sdk=iphoneos*]" = "iPhone Developer";
				COPY_PHASE_STRIP = NO;
				DEBUG_INFORMATION_FORMAT = "dwarf-with-dsym";
				ENABLE_NS_ASSERTIONS = NO;
				ENABLE_STRICT_OBJC_MSGSEND = YES;
				GCC_C_LANGUAGE_STANDARD = gnu99;
				GCC_NO_COMMON_BLOCKS = YES;
				GCC_WARN_64_TO_32_BIT_CONVERSION = YES;
				GCC_WARN_ABOUT_RETURN_TYPE = YES_ERROR;
				GCC_WARN_UNDECLARED_SELECTOR = YES;
				GCC_WARN_UNINITIALIZED_AUTOS = YES_AGGRESSIVE;
				GCC_WARN_UNUSED_FUNCTION = YES;
				GCC_WARN_UNUSED_VARIABLE = YES;
				IPHONEOS_DEPLOYMENT_TARGET = 8.3;
				MTL_ENABLE_DEBUG_INFO = NO;
				SDKROOT = iphoneos;
				TARGETED_DEVICE_FAMILY = "1,2";
				VALIDATE_PRODUCT = YES;
			};
			name = Release;
		};
		55F840521AD664A300ED00CF /* Debug */ = {
			isa = XCBuildConfiguration;
			buildSettings = {
				ASSETCATALOG_COMPILER_APPICON_NAME = AppIcon;
				INFOPLIST_FILE = TipCalculator/Info.plist;
				LD_RUNPATH_SEARCH_PATHS = "$(inherited) @executable_path/Frameworks";
				PRODUCT_NAME = "$(TARGET_NAME)";
			};
			name = Debug;
		};
		55F840531AD664A300ED00CF /* Release */ = {
			isa = XCBuildConfiguration;
			buildSettings = {
				ASSETCATALOG_COMPILER_APPICON_NAME = AppIcon;
				INFOPLIST_FILE = TipCalculator/Info.plist;
				LD_RUNPATH_SEARCH_PATHS = "$(inherited) @executable_path/Frameworks";
				PRODUCT_NAME = "$(TARGET_NAME)";
			};
			name = Release;
		};
		55F840551AD664A300ED00CF /* Debug */ = {
			isa = XCBuildConfiguration;
			buildSettings = {
				BUNDLE_LOADER = "$(TEST_HOST)";
				FRAMEWORK_SEARCH_PATHS = (
					"$(SDKROOT)/Developer/Library/Frameworks",
					"$(inherited)",
				);
				GCC_PREPROCESSOR_DEFINITIONS = (
					"DEBUG=1",
					"$(inherited)",
				);
				INFOPLIST_FILE = TipCalculatorTests/Info.plist;
				LD_RUNPATH_SEARCH_PATHS = "$(inherited) @executable_path/Frameworks @loader_path/Frameworks";
				PRODUCT_NAME = "$(TARGET_NAME)";
				TEST_HOST = "$(BUILT_PRODUCTS_DIR)/TipCalculator.app/TipCalculator";
			};
			name = Debug;
		};
		55F840561AD664A300ED00CF /* Release */ = {
			isa = XCBuildConfiguration;
			buildSettings = {
				BUNDLE_LOADER = "$(TEST_HOST)";
				FRAMEWORK_SEARCH_PATHS = (
					"$(SDKROOT)/Developer/Library/Frameworks",
					"$(inherited)",
				);
				INFOPLIST_FILE = TipCalculatorTests/Info.plist;
				LD_RUNPATH_SEARCH_PATHS = "$(inherited) @executable_path/Frameworks @loader_path/Frameworks";
				PRODUCT_NAME = "$(TARGET_NAME)";
				TEST_HOST = "$(BUILT_PRODUCTS_DIR)/TipCalculator.app/TipCalculator";
			};
			name = Release;
		};
/* End XCBuildConfiguration section */

/* Begin XCConfigurationList section */
		55F8402D1AD664A300ED00CF /* Build configuration list for PBXProject "TipCalculator" */ = {
			isa = XCConfigurationList;
			buildConfigurations = (
				55F8404F1AD664A300ED00CF /* Debug */,
				55F840501AD664A300ED00CF /* Release */,
			);
			defaultConfigurationIsVisible = 0;
			defaultConfigurationName = Release;
		};
		55F840511AD664A300ED00CF /* Build configuration list for PBXNativeTarget "TipCalculator" */ = {
			isa = XCConfigurationList;
			buildConfigurations = (
				55F840521AD664A300ED00CF /* Debug */,
				55F840531AD664A300ED00CF /* Release */,
			);
			defaultConfigurationIsVisible = 0;
		};
		55F840541AD664A300ED00CF /* Build configuration list for PBXNativeTarget "TipCalculatorTests" */ = {
			isa = XCConfigurationList;
			buildConfigurations = (
				55F840551AD664A300ED00CF /* Debug */,
				55F840561AD664A300ED00CF /* Release */,
			);
			defaultConfigurationIsVisible = 0;
		};
/* End XCConfigurationList section */
	};
	rootObject = 55F8402A1AD664A300ED00CF /* Project object */;
}
